
Microsoft Visual Studio Solution File, Format Version 12.00
# Visual Studio 15
VisualStudioVersion = 15.0.26124.0
MinimumVisualStudioVersion = 15.0.26124.0
Project("{FAE04EC0-301F-11D3-BF4B-00C04F79EFBC}") = "BaltaStore.Api", "BaltaStore.Api\BaltaStore.Api.csproj", "{D7244777-8FFA-4B38-B326-A0B2207118EC}"
EndProject
Project("{FAE04EC0-301F-11D3-BF4B-00C04F79EFBC}") = "BaltaStore.Domain", "BaltaStore.Domain\BaltaStore.Domain.csproj", "{2D325758-A543-4514-BA39-1EA481FDFF82}"
EndProject
Project("{FAE04EC0-301F-11D3-BF4B-00C04F79EFBC}") = "BaltaStore.Infra", "BaltaStore.Infra\BaltaStore.Infra.csproj", "{C033976E-9113-4D23-87ED-BFDA94F4B942}"
EndProject
Project("{FAE04EC0-301F-11D3-BF4B-00C04F79EFBC}") = "BaltaStore.Shared", "BaltaStore.Shared\BaltaStore.Shared.csproj", "{E449E4AD-6109-46AE-A356-F33CEF507C25}"
EndProject
Project("{FAE04EC0-301F-11D3-BF4B-00C04F79EFBC}") = "BaltaStore.Tests", "BaltaStore.Tests\BaltaStore.Tests.csproj", "{2D190CA7-F759-4EE0-826C-3AE15650BD43}"
EndProject
Global
	GlobalSection(SolutionConfigurationPlatforms) = preSolution
		Debug|Any CPU = Debug|Any CPU
		Debug|x64 = Debug|x64
		Debug|x86 = Debug|x86
		Release|Any CPU = Release|Any CPU
		Release|x64 = Release|x64
		Release|x86 = Release|x86
	EndGlobalSection
	GlobalSection(SolutionProperties) = preSolution
		HideSolutionNode = FALSE
	EndGlobalSection
	GlobalSection(ProjectConfigurationPlatforms) = postSolution
		{D7244777-8FFA-4B38-B326-A0B2207118EC}.Debug|Any CPU.ActiveCfg = Debug|Any CPU
		{D7244777-8FFA-4B38-B326-A0B2207118EC}.Debug|Any CPU.Build.0 = Debug|Any CPU
		{D7244777-8FFA-4B38-B326-A0B2207118EC}.Debug|x64.ActiveCfg = Debug|Any CPU
		{D7244777-8FFA-4B38-B326-A0B2207118EC}.Debug|x64.Build.0 = Debug|Any CPU
		{D7244777-8FFA-4B38-B326-A0B2207118EC}.Debug|x86.ActiveCfg = Debug|Any CPU
		{D7244777-8FFA-4B38-B326-A0B2207118EC}.Debug|x86.Build.0 = Debug|Any CPU
		{D7244777-8FFA-4B38-B326-A0B2207118EC}.Release|Any CPU.ActiveCfg = Release|Any CPU
		{D7244777-8FFA-4B38-B326-A0B2207118EC}.Release|Any CPU.Build.0 = Release|Any CPU
		{D7244777-8FFA-4B38-B326-A0B2207118EC}.Release|x64.ActiveCfg = Release|Any CPU
		{D7244777-8FFA-4B38-B326-A0B2207118EC}.Release|x64.Build.0 = Release|Any CPU
		{D7244777-8FFA-4B38-B326-A0B2207118EC}.Release|x86.ActiveCfg = Release|Any CPU
		{D7244777-8FFA-4B38-B326-A0B2207118EC}.Release|x86.Build.0 = Release|Any CPU
		{2D325758-A543-4514-BA39-1EA481FDFF82}.Debug|Any CPU.ActiveCfg = Debug|Any CPU
		{2D325758-A543-4514-BA39-1EA481FDFF82}.Debug|Any CPU.Build.0 = Debug|Any CPU
		{2D325758-A543-4514-BA39-1EA481FDFF82}.Debug|x64.ActiveCfg = Debug|Any CPU
		{2D325758-A543-4514-BA39-1EA481FDFF82}.Debug|x64.Build.0 = Debug|Any CPU
		{2D325758-A543-4514-BA39-1EA481FDFF82}.Debug|x86.ActiveCfg = Debug|Any CPU
		{2D325758-A543-4514-BA39-1EA481FDFF82}.Debug|x86.Build.0 = Debug|Any CPU
		{2D325758-A543-4514-BA39-1EA481FDFF82}.Release|Any CPU.ActiveCfg = Release|Any CPU
		{2D325758-A543-4514-BA39-1EA481FDFF82}.Release|Any CPU.Build.0 = Release|Any CPU
		{2D325758-A543-4514-BA39-1EA481FDFF82}.Release|x64.ActiveCfg = Release|Any CPU
		{2D325758-A543-4514-BA39-1EA481FDFF82}.Release|x64.Build.0 = Release|Any CPU
		{2D325758-A543-4514-BA39-1EA481FDFF82}.Release|x86.ActiveCfg = Release|Any CPU
		{2D325758-A543-4514-BA39-1EA481FDFF82}.Release|x86.Build.0 = Release|Any CPU
		{C033976E-9113-4D23-87ED-BFDA94F4B942}.Debug|Any CPU.ActiveCfg = Debug|Any CPU
		{C033976E-9113-4D23-87ED-BFDA94F4B942}.Debug|Any CPU.Build.0 = Debug|Any CPU
		{C033976E-9113-4D23-87ED-BFDA94F4B942}.Debug|x64.ActiveCfg = Debug|Any CPU
		{C033976E-9113-4D23-87ED-BFDA94F4B942}.Debug|x64.Build.0 = Debug|Any CPU
		{C033976E-9113-4D23-87ED-BFDA94F4B942}.Debug|x86.ActiveCfg = Debug|Any CPU
		{C033976E-9113-4D23-87ED-BFDA94F4B942}.Debug|x86.Build.0 = Debug|Any CPU
		{C033976E-9113-4D23-87ED-BFDA94F4B942}.Release|Any CPU.ActiveCfg = Release|Any CPU
		{C033976E-9113-4D23-87ED-BFDA94F4B942}.Release|Any CPU.Build.0 = Release|Any CPU
		{C033976E-9113-4D23-87ED-BFDA94F4B942}.Release|x64.ActiveCfg = Release|Any CPU
		{C033976E-9113-4D23-87ED-BFDA94F4B942}.Release|x64.Build.0 = Release|Any CPU
		{C033976E-9113-4D23-87ED-BFDA94F4B942}.Release|x86.ActiveCfg = Release|Any CPU
		{C033976E-9113-4D23-87ED-BFDA94F4B942}.Release|x86.Build.0 = Release|Any CPU
		{E449E4AD-6109-46AE-A356-F33CEF507C25}.Debug|Any CPU.ActiveCfg = Debug|Any CPU
		{E449E4AD-6109-46AE-A356-F33CEF507C25}.Debug|Any CPU.Build.0 = Debug|Any CPU
		{E449E4AD-6109-46AE-A356-F33CEF507C25}.Debug|x64.ActiveCfg = Debug|Any CPU
		{E449E4AD-6109-46AE-A356-F33CEF507C25}.Debug|x64.Build.0 = Debug|Any CPU
		{E449E4AD-6109-46AE-A356-F33CEF507C25}.Debug|x86.ActiveCfg = Debug|Any CPU
		{E449E4AD-6109-46AE-A356-F33CEF507C25}.Debug|x86.Build.0 = Debug|Any CPU
		{E449E4AD-6109-46AE-A356-F33CEF507C25}.Release|Any CPU.ActiveCfg = Release|Any CPU
		{E449E4AD-6109-46AE-A356-F33CEF507C25}.Release|Any CPU.Build.0 = Release|Any CPU
		{E449E4AD-6109-46AE-A356-F33CEF507C25}.Release|x64.ActiveCfg = Release|Any CPU
		{E449E4AD-6109-46AE-A356-F33CEF507C25}.Release|x64.Build.0 = Release|Any CPU
		{E449E4AD-6109-46AE-A356-F33CEF507C25}.Release|x86.ActiveCfg = Release|Any CPU
		{E449E4AD-6109-46AE-A356-F33CEF507C25}.Release|x86.Build.0 = Release|Any CPU
		{2D190CA7-F759-4EE0-826C-3AE15650BD43}.Debug|Any CPU.ActiveCfg = Debug|Any CPU
		{2D190CA7-F759-4EE0-826C-3AE15650BD43}.Debug|Any CPU.Build.0 = Debug|Any CPU
		{2D190CA7-F759-4EE0-826C-3AE15650BD43}.Debug|x64.ActiveCfg = Debug|Any CPU
		{2D190CA7-F759-4EE0-826C-3AE15650BD43}.Debug|x64.Build.0 = Debug|Any CPU
		{2D190CA7-F759-4EE0-826C-3AE15650BD43}.Debug|x86.ActiveCfg = Debug|Any CPU
		{2D190CA7-F759-4EE0-826C-3AE15650BD43}.Debug|x86.Build.0 = Debug|Any CPU
		{2D190CA7-F759-4EE0-826C-3AE15650BD43}.Release|Any CPU.ActiveCfg = Release|Any CPU
		{2D190CA7-F759-4EE0-826C-3AE15650BD43}.Release|Any CPU.Build.0 = Release|Any CPU
		{2D190CA7-F759-4EE0-826C-3AE15650BD43}.Release|x64.ActiveCfg = Release|Any CPU
		{2D190CA7-F759-4EE0-826C-3AE15650BD43}.Release|x64.Build.0 = Release|Any CPU
		{2D190CA7-F759-4EE0-826C-3AE15650BD43}.Release|x86.ActiveCfg = Release|Any CPU
		{2D190CA7-F759-4EE0-826C-3AE15650BD43}.Release|x86.Build.0 = Release|Any CPU
	EndGlobalSection
EndGlobal
